<?xml version="1.0" encoding="utf-8"?>
<Project ToolsVersion="4.0" xmlns="http://schemas.microsoft.com/developer/msbuild/2003">
  <ItemGroup>
    <ClCompile Include="AppManager.cpp" />
    <ClCompile Include="Button.cpp" />
    <ClCompile Include="Image.cpp" />
    <ClCompile Include="ImageFilter.cpp" />
    <ClCompile Include="JpegImage.cpp" />
    <ClCompile Include="LSB.cpp" />
    <ClCompile Include="MatrixEmbedding.cpp" />
    <ClCompile Include="MessageHider.cpp" />
    <ClCompile Include="Steganography.cpp" />
    <ClCompile Include="Window.cpp" />
    <ClCompile Include="PngImage.cpp" />
    <ClCompile Include="BmpImage.cpp" />
  </ItemGroup>
  <ItemGroup>
    <ClInclude Include="AppManager.h" />
    <ClInclude Include="Button.h" />
    <ClInclude Include="framework.h" />
    <ClInclude Include="Image.h" />
    <ClInclude Include="ImageFilter.h" />
    <ClInclude Include="JpegImage.h" />
    <ClInclude Include="LSB.h" />
    <ClInclude Include="MatrixEmbedding.h" />
    <ClInclude Include="MessageHider.h" />
    <ClInclude Include="Resource.h" />
    <ClInclude Include="Steganography.h" />
    <ClInclude Include="targetver.h" />
    <ClInclude Include="Window.h" />
    <ClInclude Include="PngImage.h" />
    <ClInclude Include="BmpImage.h" />
  </ItemGroup>
  <ItemGroup>
    <ResourceCompile Include="MessageHider.rc" />
  </ItemGroup>
  <ItemGroup>
    <Image Include="MessageHider.ico" />
    <Image Include="small.ico" />
  </ItemGroup>
</Project>